
Microsoft Visual Studio Solution File, Format Version 12.00
# Visual Studio Version 16
VisualStudioVersion = 16.0.29009.5
MinimumVisualStudioVersion = 10.0.40219.1
Project("{FAE04EC0-301F-11D3-BF4B-00C04F79EFBC}") = "Image Gallery", "Image Gallery\Image Gallery.csproj", "{B41E4B2D-3179-4787-994C-16F819BD8B82}"
EndProject
Global
	GlobalSection(SolutionConfigurationPlatforms) = preSolution
		Debug|Any CPU = Debug|Any CPU
		Release|Any CPU = Release|Any CPU
	EndGlobalSection
	GlobalSection(ProjectConfigurationPlatforms) = postSolution
		{B41E4B2D-3179-4787-994C-16F819BD8B82}.Debug|Any CPU.ActiveCfg = Debug|Any CPU
		{B41E4B2D-3179-4787-994C-16F819BD8B82}.Debug|Any CPU.Build.0 = Debug|Any CPU
		{B41E4B2D-3179-4787-994C-16F819BD8B82}.Release|Any CPU.ActiveCfg = Release|Any CPU
		{B41E4B2D-3179-4787-994C-16F819BD8B82}.Release|Any CPU.Build.0 = Release|Any CPU
	EndGlobalSection
	GlobalSection(SolutionProperties) = preSolution
		HideSolutionNode = FALSE
	EndGlobalSection
	GlobalSection(ExtensibilityGlobals) = postSolution
		SolutionGuid = {9D349275-427F-4821-B04D-64FC910001B3}
	EndGlobalSection
EndGlobal
